
Microsoft Visual Studio Solution File, Format Version 12.00
# Visual Studio Version 16
VisualStudioVersion = 16.0.31129.286
MinimumVisualStudioVersion = 10.0.40219.1
Project("{FAE04EC0-301F-11D3-BF4B-00C04F79EFBC}") = "OnShopServer.Catalog", "OnShopServer.Catalog\OnShopServer.Catalog.csproj", "{52204733-BBF3-47BF-9C58-8D4A1AD64502}"
EndProject
Project("{FAE04EC0-301F-11D3-BF4B-00C04F79EFBC}") = "OnShopServer.Basket", "OnShopServer.Basket\OnShopServer.Basket.csproj", "{EB8A44D8-C0CD-4342-A4AD-11920F858E01}"
EndProject
Project("{FAE04EC0-301F-11D3-BF4B-00C04F79EFBC}") = "OnShopServer.Orders", "OnShopServer.Orders\OnShopServer.Orders.csproj", "{8D146ED1-44B7-4436-9152-EDFB75EE53B8}"
EndProject
Project("{FAE04EC0-301F-11D3-BF4B-00C04F79EFBC}") = "OnShopServer.Identity", "OnShopServer.Identity\OnShopServer.Identity.csproj", "{E5A0D4CB-87D4-4E45-AE7C-1CBF54256682}"
EndProject
Global
	GlobalSection(SolutionConfigurationPlatforms) = preSolution
		Debug|Any CPU = Debug|Any CPU
		Release|Any CPU = Release|Any CPU
	EndGlobalSection
	GlobalSection(ProjectConfigurationPlatforms) = postSolution
		{52204733-BBF3-47BF-9C58-8D4A1AD64502}.Debug|Any CPU.ActiveCfg = Debug|Any CPU
		{52204733-BBF3-47BF-9C58-8D4A1AD64502}.Debug|Any CPU.Build.0 = Debug|Any CPU
		{52204733-BBF3-47BF-9C58-8D4A1AD64502}.Release|Any CPU.ActiveCfg = Release|Any CPU
		{52204733-BBF3-47BF-9C58-8D4A1AD64502}.Release|Any CPU.Build.0 = Release|Any CPU
		{EB8A44D8-C0CD-4342-A4AD-11920F858E01}.Debug|Any CPU.ActiveCfg = Debug|Any CPU
		{EB8A44D8-C0CD-4342-A4AD-11920F858E01}.Debug|Any CPU.Build.0 = Debug|Any CPU
		{EB8A44D8-C0CD-4342-A4AD-11920F858E01}.Release|Any CPU.ActiveCfg = Release|Any CPU
		{EB8A44D8-C0CD-4342-A4AD-11920F858E01}.Release|Any CPU.Build.0 = Release|Any CPU
		{8D146ED1-44B7-4436-9152-EDFB75EE53B8}.Debug|Any CPU.ActiveCfg = Debug|Any CPU
		{8D146ED1-44B7-4436-9152-EDFB75EE53B8}.Debug|Any CPU.Build.0 = Debug|Any CPU
		{8D146ED1-44B7-4436-9152-EDFB75EE53B8}.Release|Any CPU.ActiveCfg = Release|Any CPU
		{8D146ED1-44B7-4436-9152-EDFB75EE53B8}.Release|Any CPU.Build.0 = Release|Any CPU
		{E5A0D4CB-87D4-4E45-AE7C-1CBF54256682}.Debug|Any CPU.ActiveCfg = Debug|Any CPU
		{E5A0D4CB-87D4-4E45-AE7C-1CBF54256682}.Debug|Any CPU.Build.0 = Debug|Any CPU
		{E5A0D4CB-87D4-4E45-AE7C-1CBF54256682}.Release|Any CPU.ActiveCfg = Release|Any CPU
		{E5A0D4CB-87D4-4E45-AE7C-1CBF54256682}.Release|Any CPU.Build.0 = Release|Any CPU
	EndGlobalSection
	GlobalSection(SolutionProperties) = preSolution
		HideSolutionNode = FALSE
	EndGlobalSection
	GlobalSection(ExtensibilityGlobals) = postSolution
		SolutionGuid = {11604ED2-B953-46A3-8C85-E142E89329DE}
	EndGlobalSection
EndGlobal
